
Microsoft Visual Studio Solution File, Format Version 12.00
# Visual Studio 15
VisualStudioVersion = 15.0.27004.2002
MinimumVisualStudioVersion = 10.0.40219.1
Project("{8BC9CEB8-8B4A-11D0-8D11-00A0C91BC942}") = "json_test", "json_test\json_test.vcxproj", "{A600B385-6B7F-40AF-87D1-373A4FEF17AE}"
EndProject
Global
	GlobalSection(SolutionConfigurationPlatforms) = preSolution
		Debug|x64 = Debug|x64
		Debug|x86 = Debug|x86
		Release|x64 = Release|x64
		Release|x86 = Release|x86
	EndGlobalSection
	GlobalSection(ProjectConfigurationPlatforms) = postSolution
		{A600B385-6B7F-40AF-87D1-373A4FEF17AE}.Debug|x64.ActiveCfg = Debug|x64
		{A600B385-6B7F-40AF-87D1-373A4FEF17AE}.Debug|x64.Build.0 = Debug|x64
		{A600B385-6B7F-40AF-87D1-373A4FEF17AE}.Debug|x86.ActiveCfg = Debug|Win32
		{A600B385-6B7F-40AF-87D1-373A4FEF17AE}.Debug|x86.Build.0 = Debug|Win32
		{A600B385-6B7F-40AF-87D1-373A4FEF17AE}.Release|x64.ActiveCfg = Release|x64
		{A600B385-6B7F-40AF-87D1-373A4FEF17AE}.Release|x64.Build.0 = Release|x64
		{A600B385-6B7F-40AF-87D1-373A4FEF17AE}.Release|x86.ActiveCfg = Release|Win32
		{A600B385-6B7F-40AF-87D1-373A4FEF17AE}.Release|x86.Build.0 = Release|Win32
	EndGlobalSection
	GlobalSection(SolutionProperties) = preSolution
		HideSolutionNode = FALSE
	EndGlobalSection
	GlobalSection(ExtensibilityGlobals) = postSolution
		SolutionGuid = {50E3C786-D178-454C-AA00-625837A152E4}
	EndGlobalSection
EndGlobal
