
Microsoft Visual Studio Solution File, Format Version 12.00
# Visual Studio 15
VisualStudioVersion = 15.0.26730.12
MinimumVisualStudioVersion = 10.0.40219.1
Project("{FAE04EC0-301F-11D3-BF4B-00C04F79EFBC}") = "hub_server", "hub_server\hub_server.csproj", "{F7A72EAF-EB1B-45E2-AD7C-01426B3F8CEF}"
EndProject
Project("{FAE04EC0-301F-11D3-BF4B-00C04F79EFBC}") = "hub_server0", "hub_server0\hub_server0.csproj", "{0E14F8B6-9845-4670-8A67-158D84883264}"
EndProject
Global
	GlobalSection(SolutionConfigurationPlatforms) = preSolution
		Debug|Any CPU = Debug|Any CPU
		Release|Any CPU = Release|Any CPU
	EndGlobalSection
	GlobalSection(ProjectConfigurationPlatforms) = postSolution
		{F7A72EAF-EB1B-45E2-AD7C-01426B3F8CEF}.Debug|Any CPU.ActiveCfg = Debug|Any CPU
		{F7A72EAF-EB1B-45E2-AD7C-01426B3F8CEF}.Debug|Any CPU.Build.0 = Debug|Any CPU
		{F7A72EAF-EB1B-45E2-AD7C-01426B3F8CEF}.Release|Any CPU.ActiveCfg = Release|Any CPU
		{F7A72EAF-EB1B-45E2-AD7C-01426B3F8CEF}.Release|Any CPU.Build.0 = Release|Any CPU
		{0E14F8B6-9845-4670-8A67-158D84883264}.Debug|Any CPU.ActiveCfg = Debug|Any CPU
		{0E14F8B6-9845-4670-8A67-158D84883264}.Debug|Any CPU.Build.0 = Debug|Any CPU
		{0E14F8B6-9845-4670-8A67-158D84883264}.Release|Any CPU.ActiveCfg = Release|Any CPU
		{0E14F8B6-9845-4670-8A67-158D84883264}.Release|Any CPU.Build.0 = Release|Any CPU
	EndGlobalSection
	GlobalSection(SolutionProperties) = preSolution
		HideSolutionNode = FALSE
	EndGlobalSection
	GlobalSection(ExtensibilityGlobals) = postSolution
		SolutionGuid = {A7D17686-D5F3-4DD4-8617-A34C58952988}
	EndGlobalSection
EndGlobal
