
Microsoft Visual Studio Solution File, Format Version 12.00
# Visual Studio Version 16
VisualStudioVersion = 16.0.30204.135
MinimumVisualStudioVersion = 10.0.40219.1
Project("{2150E333-8FDC-42A3-9474-1A3956D46DE8}") = "component", "component", "{6B117327-EBEC-4FA2-96E1-523EE88C6BB9}"
EndProject
Project("{2150E333-8FDC-42A3-9474-1A3956D46DE8}") = "server", "server", "{10FEFDB1-D82B-4FE5-98CA-AA89C780D294}"
EndProject
Project("{9A19103F-16F7-4668-BE54-9A1E7A4F7556}") = "center", "component\center\center.csproj", "{2B104EB1-82FE-4458-A692-7A87D064C826}"
EndProject
Project("{9A19103F-16F7-4668-BE54-9A1E7A4F7556}") = "dbproxy", "component\dbproxy\dbproxy.csproj", "{3941872A-C57C-4251-ACE7-70336F5BB17A}"
EndProject
Project("{9A19103F-16F7-4668-BE54-9A1E7A4F7556}") = "gm", "component\gm\gm.csproj", "{F3DF8E6D-B117-481E-B08B-517AE2041831}"
EndProject
Project("{9A19103F-16F7-4668-BE54-9A1E7A4F7556}") = "hub", "component\hub\hub.csproj", "{041656C1-4464-44AD-BD83-F887C00CEEF9}"
EndProject
Project("{9A19103F-16F7-4668-BE54-9A1E7A4F7556}") = "center_server", "server\center\center_server.csproj", "{492BF9CE-83E6-4061-8C94-BB19E655C0BC}"
EndProject
Project("{9A19103F-16F7-4668-BE54-9A1E7A4F7556}") = "data", "server\data\data.csproj", "{2827F238-4ACA-4D95-AE68-781F16E20FF6}"
EndProject
Project("{9A19103F-16F7-4668-BE54-9A1E7A4F7556}") = "dbproxy_server", "server\dbproxy\dbproxy_server.csproj", "{9B179EC6-FAF0-4D70-836B-A2EF22029585}"
EndProject
Project("{9A19103F-16F7-4668-BE54-9A1E7A4F7556}") = "http_gate", "server\http_gate\http_gate.csproj", "{7A2F9B9F-CDC7-4545-A29E-8980EFA0E1E8}"
EndProject
Project("{9A19103F-16F7-4668-BE54-9A1E7A4F7556}") = "match", "server\match\match.csproj", "{3AC81704-536F-4901-A979-863BECE035E5}"
EndProject
Project("{9A19103F-16F7-4668-BE54-9A1E7A4F7556}") = "scene", "server\scene\scene.csproj", "{32B10AD4-74EB-44E0-A154-31BAC54D5970}"
EndProject
Project("{9A19103F-16F7-4668-BE54-9A1E7A4F7556}") = "admin", "component\admin\admin.csproj", "{E647A8B8-D35A-4757-BEAC-9FBCD8DAEF24}"
EndProject
Project("{9A19103F-16F7-4668-BE54-9A1E7A4F7556}") = "http_admin", "server\http_admin\http_admin.csproj", "{B67C9D1C-03C2-45C0-9084-EF614AB57002}"
EndProject
Project("{9A19103F-16F7-4668-BE54-9A1E7A4F7556}") = "service", "service\service.csproj", "{6AAF0417-5856-4325-BEA7-548683F1F769}"
EndProject
Global
	GlobalSection(SolutionConfigurationPlatforms) = preSolution
		Debug|Any CPU = Debug|Any CPU
		Release|Any CPU = Release|Any CPU
	EndGlobalSection
	GlobalSection(ProjectConfigurationPlatforms) = postSolution
		{2B104EB1-82FE-4458-A692-7A87D064C826}.Debug|Any CPU.ActiveCfg = Debug|Any CPU
		{2B104EB1-82FE-4458-A692-7A87D064C826}.Debug|Any CPU.Build.0 = Debug|Any CPU
		{2B104EB1-82FE-4458-A692-7A87D064C826}.Release|Any CPU.ActiveCfg = Release|Any CPU
		{2B104EB1-82FE-4458-A692-7A87D064C826}.Release|Any CPU.Build.0 = Release|Any CPU
		{3941872A-C57C-4251-ACE7-70336F5BB17A}.Debug|Any CPU.ActiveCfg = Debug|Any CPU
		{3941872A-C57C-4251-ACE7-70336F5BB17A}.Debug|Any CPU.Build.0 = Debug|Any CPU
		{3941872A-C57C-4251-ACE7-70336F5BB17A}.Release|Any CPU.ActiveCfg = Release|Any CPU
		{3941872A-C57C-4251-ACE7-70336F5BB17A}.Release|Any CPU.Build.0 = Release|Any CPU
		{F3DF8E6D-B117-481E-B08B-517AE2041831}.Debug|Any CPU.ActiveCfg = Debug|Any CPU
		{F3DF8E6D-B117-481E-B08B-517AE2041831}.Debug|Any CPU.Build.0 = Debug|Any CPU
		{F3DF8E6D-B117-481E-B08B-517AE2041831}.Release|Any CPU.ActiveCfg = Release|Any CPU
		{F3DF8E6D-B117-481E-B08B-517AE2041831}.Release|Any CPU.Build.0 = Release|Any CPU
		{041656C1-4464-44AD-BD83-F887C00CEEF9}.Debug|Any CPU.ActiveCfg = Debug|Any CPU
		{041656C1-4464-44AD-BD83-F887C00CEEF9}.Debug|Any CPU.Build.0 = Debug|Any CPU
		{041656C1-4464-44AD-BD83-F887C00CEEF9}.Release|Any CPU.ActiveCfg = Release|Any CPU
		{041656C1-4464-44AD-BD83-F887C00CEEF9}.Release|Any CPU.Build.0 = Release|Any CPU
		{492BF9CE-83E6-4061-8C94-BB19E655C0BC}.Debug|Any CPU.ActiveCfg = Debug|Any CPU
		{492BF9CE-83E6-4061-8C94-BB19E655C0BC}.Debug|Any CPU.Build.0 = Debug|Any CPU
		{492BF9CE-83E6-4061-8C94-BB19E655C0BC}.Release|Any CPU.ActiveCfg = Release|Any CPU
		{492BF9CE-83E6-4061-8C94-BB19E655C0BC}.Release|Any CPU.Build.0 = Release|Any CPU
		{2827F238-4ACA-4D95-AE68-781F16E20FF6}.Debug|Any CPU.ActiveCfg = Debug|Any CPU
		{2827F238-4ACA-4D95-AE68-781F16E20FF6}.Debug|Any CPU.Build.0 = Debug|Any CPU
		{2827F238-4ACA-4D95-AE68-781F16E20FF6}.Release|Any CPU.ActiveCfg = Release|Any CPU
		{2827F238-4ACA-4D95-AE68-781F16E20FF6}.Release|Any CPU.Build.0 = Release|Any CPU
		{9B179EC6-FAF0-4D70-836B-A2EF22029585}.Debug|Any CPU.ActiveCfg = Debug|Any CPU
		{9B179EC6-FAF0-4D70-836B-A2EF22029585}.Debug|Any CPU.Build.0 = Debug|Any CPU
		{9B179EC6-FAF0-4D70-836B-A2EF22029585}.Release|Any CPU.ActiveCfg = Release|Any CPU
		{9B179EC6-FAF0-4D70-836B-A2EF22029585}.Release|Any CPU.Build.0 = Release|Any CPU
		{7A2F9B9F-CDC7-4545-A29E-8980EFA0E1E8}.Debug|Any CPU.ActiveCfg = Debug|Any CPU
		{7A2F9B9F-CDC7-4545-A29E-8980EFA0E1E8}.Debug|Any CPU.Build.0 = Debug|Any CPU
		{7A2F9B9F-CDC7-4545-A29E-8980EFA0E1E8}.Release|Any CPU.ActiveCfg = Release|Any CPU
		{7A2F9B9F-CDC7-4545-A29E-8980EFA0E1E8}.Release|Any CPU.Build.0 = Release|Any CPU
		{3AC81704-536F-4901-A979-863BECE035E5}.Debug|Any CPU.ActiveCfg = Debug|Any CPU
		{3AC81704-536F-4901-A979-863BECE035E5}.Debug|Any CPU.Build.0 = Debug|Any CPU
		{3AC81704-536F-4901-A979-863BECE035E5}.Release|Any CPU.ActiveCfg = Release|Any CPU
		{3AC81704-536F-4901-A979-863BECE035E5}.Release|Any CPU.Build.0 = Release|Any CPU
		{32B10AD4-74EB-44E0-A154-31BAC54D5970}.Debug|Any CPU.ActiveCfg = Debug|Any CPU
		{32B10AD4-74EB-44E0-A154-31BAC54D5970}.Debug|Any CPU.Build.0 = Debug|Any CPU
		{32B10AD4-74EB-44E0-A154-31BAC54D5970}.Release|Any CPU.ActiveCfg = Release|Any CPU
		{32B10AD4-74EB-44E0-A154-31BAC54D5970}.Release|Any CPU.Build.0 = Release|Any CPU
		{E647A8B8-D35A-4757-BEAC-9FBCD8DAEF24}.Debug|Any CPU.ActiveCfg = Debug|Any CPU
		{E647A8B8-D35A-4757-BEAC-9FBCD8DAEF24}.Debug|Any CPU.Build.0 = Debug|Any CPU
		{E647A8B8-D35A-4757-BEAC-9FBCD8DAEF24}.Release|Any CPU.ActiveCfg = Release|Any CPU
		{E647A8B8-D35A-4757-BEAC-9FBCD8DAEF24}.Release|Any CPU.Build.0 = Release|Any CPU
		{B67C9D1C-03C2-45C0-9084-EF614AB57002}.Debug|Any CPU.ActiveCfg = Debug|Any CPU
		{B67C9D1C-03C2-45C0-9084-EF614AB57002}.Debug|Any CPU.Build.0 = Debug|Any CPU
		{B67C9D1C-03C2-45C0-9084-EF614AB57002}.Release|Any CPU.ActiveCfg = Release|Any CPU
		{B67C9D1C-03C2-45C0-9084-EF614AB57002}.Release|Any CPU.Build.0 = Release|Any CPU
		{6AAF0417-5856-4325-BEA7-548683F1F769}.Debug|Any CPU.ActiveCfg = Debug|Any CPU
		{6AAF0417-5856-4325-BEA7-548683F1F769}.Debug|Any CPU.Build.0 = Debug|Any CPU
		{6AAF0417-5856-4325-BEA7-548683F1F769}.Release|Any CPU.ActiveCfg = Release|Any CPU
		{6AAF0417-5856-4325-BEA7-548683F1F769}.Release|Any CPU.Build.0 = Release|Any CPU
	EndGlobalSection
	GlobalSection(SolutionProperties) = preSolution
		HideSolutionNode = FALSE
	EndGlobalSection
	GlobalSection(NestedProjects) = preSolution
		{2B104EB1-82FE-4458-A692-7A87D064C826} = {6B117327-EBEC-4FA2-96E1-523EE88C6BB9}
		{3941872A-C57C-4251-ACE7-70336F5BB17A} = {6B117327-EBEC-4FA2-96E1-523EE88C6BB9}
		{F3DF8E6D-B117-481E-B08B-517AE2041831} = {6B117327-EBEC-4FA2-96E1-523EE88C6BB9}
		{041656C1-4464-44AD-BD83-F887C00CEEF9} = {6B117327-EBEC-4FA2-96E1-523EE88C6BB9}
		{492BF9CE-83E6-4061-8C94-BB19E655C0BC} = {10FEFDB1-D82B-4FE5-98CA-AA89C780D294}
		{2827F238-4ACA-4D95-AE68-781F16E20FF6} = {10FEFDB1-D82B-4FE5-98CA-AA89C780D294}
		{9B179EC6-FAF0-4D70-836B-A2EF22029585} = {10FEFDB1-D82B-4FE5-98CA-AA89C780D294}
		{7A2F9B9F-CDC7-4545-A29E-8980EFA0E1E8} = {10FEFDB1-D82B-4FE5-98CA-AA89C780D294}
		{3AC81704-536F-4901-A979-863BECE035E5} = {10FEFDB1-D82B-4FE5-98CA-AA89C780D294}
		{32B10AD4-74EB-44E0-A154-31BAC54D5970} = {10FEFDB1-D82B-4FE5-98CA-AA89C780D294}
		{E647A8B8-D35A-4757-BEAC-9FBCD8DAEF24} = {6B117327-EBEC-4FA2-96E1-523EE88C6BB9}
		{B67C9D1C-03C2-45C0-9084-EF614AB57002} = {10FEFDB1-D82B-4FE5-98CA-AA89C780D294}
		{6AAF0417-5856-4325-BEA7-548683F1F769} = {6B117327-EBEC-4FA2-96E1-523EE88C6BB9}
	EndGlobalSection
	GlobalSection(ExtensibilityGlobals) = postSolution
		SolutionGuid = {26A71DA8-E5F1-4F25-B1D7-B36B29BEEB91}
	EndGlobalSection
EndGlobal
